
Microsoft Visual Studio Solution File, Format Version 12.00
# Visual Studio Version 17
VisualStudioVersion = 17.11.35303.130
MinimumVisualStudioVersion = 10.0.40219.1
Project("{8BC9CEB8-8B4A-11D0-8D11-00A0C91BC942}") = "Lab  A 4", "Lab  A 4\Lab  A 4.vcxproj", "{CE338B3F-DD34-49B0-8982-79ED6DBD6ACF}"
EndProject
Global
	GlobalSection(SolutionConfigurationPlatforms) = preSolution
		Debug|x64 = Debug|x64
		Debug|x86 = Debug|x86
		Release|x64 = Release|x64
		Release|x86 = Release|x86
	EndGlobalSection
	GlobalSection(ProjectConfigurationPlatforms) = postSolution
		{CE338B3F-DD34-49B0-8982-79ED6DBD6ACF}.Debug|x64.ActiveCfg = Debug|x64
		{CE338B3F-DD34-49B0-8982-79ED6DBD6ACF}.Debug|x64.Build.0 = Debug|x64
		{CE338B3F-DD34-49B0-8982-79ED6DBD6ACF}.Debug|x86.ActiveCfg = Debug|Win32
		{CE338B3F-DD34-49B0-8982-79ED6DBD6ACF}.Debug|x86.Build.0 = Debug|Win32
		{CE338B3F-DD34-49B0-8982-79ED6DBD6ACF}.Release|x64.ActiveCfg = Release|x64
		{CE338B3F-DD34-49B0-8982-79ED6DBD6ACF}.Release|x64.Build.0 = Release|x64
		{CE338B3F-DD34-49B0-8982-79ED6DBD6ACF}.Release|x86.ActiveCfg = Release|Win32
		{CE338B3F-DD34-49B0-8982-79ED6DBD6ACF}.Release|x86.Build.0 = Release|Win32
	EndGlobalSection
	GlobalSection(SolutionProperties) = preSolution
		HideSolutionNode = FALSE
	EndGlobalSection
	GlobalSection(ExtensibilityGlobals) = postSolution
		SolutionGuid = {478CE346-5EE3-4917-B649-0389D778BADE}
	EndGlobalSection
EndGlobal
